
Microsoft Visual Studio Solution File, Format Version 12.00
# Visual Studio Version 17
VisualStudioVersion = 17.0.31903.59
MinimumVisualStudioVersion = 10.0.40219.1
Project("{2150E333-8FDC-42A3-9474-1A3956D46DE8}") = "src", "src", "{827E0CD3-B72D-47B6-A68D-7590B98EB39B}"
EndProject
Project("{FAE04EC0-301F-11D3-BF4B-00C04F79EFBC}") = "RuleEngine.Core", "src\RuleEngine.Core\RuleEngine.Core.csproj", "{137466C3-1B1F-40AA-921F-48301C0742ED}"
EndProject
Project("{FAE04EC0-301F-11D3-BF4B-00C04F79EFBC}") = "RuleEngine.Sqlite", "src\RuleEngine.Sqlite\RuleEngine.Sqlite.csproj", "{944627EA-9C3F-4873-A093-40F7C3463297}"
EndProject
Project("{FAE04EC0-301F-11D3-BF4B-00C04F79EFBC}") = "RuleEngine.Core.Tests", "tests\RuleEngine.Core.Tests\RuleEngine.Core.Tests.csproj", "{E35FE0BB-0E6C-4E38-B370-32580CE70569}"
EndProject
Project("{FAE04EC0-301F-11D3-BF4B-00C04F79EFBC}") = "RuleEngine.Integration.Tests", "tests\RuleEngine.Integration.Tests\RuleEngine.Integration.Tests.csproj", "{3AB65BEC-F949-426B-94C6-C0D781879B42}"
EndProject
Project("{2150E333-8FDC-42A3-9474-1A3956D46DE8}") = "lib", "lib", "{5342FA22-E413-4580-9425-04EB3593A7A4}"
EndProject
Project("{2150E333-8FDC-42A3-9474-1A3956D46DE8}") = "tests", "tests", "{06747E37-AED5-490C-8172-B8FB9BA3B9E0}"
EndProject
Project("{FAE04EC0-301F-11D3-BF4B-00C04F79EFBC}") = "CampaignEngine.Core", "src\CampaignEngine.Core\CampaignEngine.Core.csproj", "{D61015DA-A6E0-4042-A655-8836CEB27548}"
EndProject
Project("{FAE04EC0-301F-11D3-BF4B-00C04F79EFBC}") = "CampaignEngine.Core.Tests", "tests\CampaignEngine.Core.Tests\CampaignEngine.Core.Tests.csproj", "{E2070687-723D-46A9-9EE3-C927FA08834D}"
EndProject
Project("{2150E333-8FDC-42A3-9474-1A3956D46DE8}") = "demo", "demo", "{2037762A-7440-43B2-8532-AC9676AE9CBD}"
EndProject
Project("{FAE04EC0-301F-11D3-BF4B-00C04F79EFBC}") = "RuleEngineDemoVue.Server", "demo\RuleEngineDemoVue\RuleEngineDemoVue.Server\RuleEngineDemoVue.Server.csproj", "{005D53ED-C4E9-4409-8179-E29FD2D4300F}"
EndProject
Project("{54A90642-561A-4BB1-A94E-469ADEE60C69}") = "ruleenginedemovue.client", "demo\RuleEngineDemoVue\ruleenginedemovue.client\ruleenginedemovue.client.esproj", "{B8759790-6051-407D-A9E4-59AEC7956993}"
EndProject
Project("{FAE04EC0-301F-11D3-BF4B-00C04F79EFBC}") = "RuleEngine.Demo", "demo\RuleEngine.Demo\RuleEngine.Demo.csproj", "{98AEA6C0-9A9B-4456-B373-2B7BDBABB406}"
EndProject
Global
	GlobalSection(SolutionConfigurationPlatforms) = preSolution
		Debug|Any CPU = Debug|Any CPU
		Debug|x64 = Debug|x64
		Debug|x86 = Debug|x86
		Release|Any CPU = Release|Any CPU
		Release|x64 = Release|x64
		Release|x86 = Release|x86
	EndGlobalSection
	GlobalSection(ProjectConfigurationPlatforms) = postSolution
		{137466C3-1B1F-40AA-921F-48301C0742ED}.Debug|Any CPU.ActiveCfg = Debug|Any CPU
		{137466C3-1B1F-40AA-921F-48301C0742ED}.Debug|Any CPU.Build.0 = Debug|Any CPU
		{137466C3-1B1F-40AA-921F-48301C0742ED}.Debug|x64.ActiveCfg = Debug|Any CPU
		{137466C3-1B1F-40AA-921F-48301C0742ED}.Debug|x64.Build.0 = Debug|Any CPU
		{137466C3-1B1F-40AA-921F-48301C0742ED}.Debug|x86.ActiveCfg = Debug|Any CPU
		{137466C3-1B1F-40AA-921F-48301C0742ED}.Debug|x86.Build.0 = Debug|Any CPU
		{137466C3-1B1F-40AA-921F-48301C0742ED}.Release|Any CPU.ActiveCfg = Release|Any CPU
		{137466C3-1B1F-40AA-921F-48301C0742ED}.Release|Any CPU.Build.0 = Release|Any CPU
		{137466C3-1B1F-40AA-921F-48301C0742ED}.Release|x64.ActiveCfg = Release|Any CPU
		{137466C3-1B1F-40AA-921F-48301C0742ED}.Release|x64.Build.0 = Release|Any CPU
		{137466C3-1B1F-40AA-921F-48301C0742ED}.Release|x86.ActiveCfg = Release|Any CPU
		{137466C3-1B1F-40AA-921F-48301C0742ED}.Release|x86.Build.0 = Release|Any CPU
		{944627EA-9C3F-4873-A093-40F7C3463297}.Debug|Any CPU.ActiveCfg = Debug|Any CPU
		{944627EA-9C3F-4873-A093-40F7C3463297}.Debug|Any CPU.Build.0 = Debug|Any CPU
		{944627EA-9C3F-4873-A093-40F7C3463297}.Debug|x64.ActiveCfg = Debug|Any CPU
		{944627EA-9C3F-4873-A093-40F7C3463297}.Debug|x64.Build.0 = Debug|Any CPU
		{944627EA-9C3F-4873-A093-40F7C3463297}.Debug|x86.ActiveCfg = Debug|Any CPU
		{944627EA-9C3F-4873-A093-40F7C3463297}.Debug|x86.Build.0 = Debug|Any CPU
		{944627EA-9C3F-4873-A093-40F7C3463297}.Release|Any CPU.ActiveCfg = Release|Any CPU
		{944627EA-9C3F-4873-A093-40F7C3463297}.Release|Any CPU.Build.0 = Release|Any CPU
		{944627EA-9C3F-4873-A093-40F7C3463297}.Release|x64.ActiveCfg = Release|Any CPU
		{944627EA-9C3F-4873-A093-40F7C3463297}.Release|x64.Build.0 = Release|Any CPU
		{944627EA-9C3F-4873-A093-40F7C3463297}.Release|x86.ActiveCfg = Release|Any CPU
		{944627EA-9C3F-4873-A093-40F7C3463297}.Release|x86.Build.0 = Release|Any CPU
		{E35FE0BB-0E6C-4E38-B370-32580CE70569}.Debug|Any CPU.ActiveCfg = Debug|Any CPU
		{E35FE0BB-0E6C-4E38-B370-32580CE70569}.Debug|Any CPU.Build.0 = Debug|Any CPU
		{E35FE0BB-0E6C-4E38-B370-32580CE70569}.Debug|x64.ActiveCfg = Debug|Any CPU
		{E35FE0BB-0E6C-4E38-B370-32580CE70569}.Debug|x64.Build.0 = Debug|Any CPU
		{E35FE0BB-0E6C-4E38-B370-32580CE70569}.Debug|x86.ActiveCfg = Debug|Any CPU
		{E35FE0BB-0E6C-4E38-B370-32580CE70569}.Debug|x86.Build.0 = Debug|Any CPU
		{E35FE0BB-0E6C-4E38-B370-32580CE70569}.Release|Any CPU.ActiveCfg = Release|Any CPU
		{E35FE0BB-0E6C-4E38-B370-32580CE70569}.Release|Any CPU.Build.0 = Release|Any CPU
		{E35FE0BB-0E6C-4E38-B370-32580CE70569}.Release|x64.ActiveCfg = Release|Any CPU
		{E35FE0BB-0E6C-4E38-B370-32580CE70569}.Release|x64.Build.0 = Release|Any CPU
		{E35FE0BB-0E6C-4E38-B370-32580CE70569}.Release|x86.ActiveCfg = Release|Any CPU
		{E35FE0BB-0E6C-4E38-B370-32580CE70569}.Release|x86.Build.0 = Release|Any CPU
		{3AB65BEC-F949-426B-94C6-C0D781879B42}.Debug|Any CPU.ActiveCfg = Debug|Any CPU
		{3AB65BEC-F949-426B-94C6-C0D781879B42}.Debug|Any CPU.Build.0 = Debug|Any CPU
		{3AB65BEC-F949-426B-94C6-C0D781879B42}.Debug|x64.ActiveCfg = Debug|Any CPU
		{3AB65BEC-F949-426B-94C6-C0D781879B42}.Debug|x64.Build.0 = Debug|Any CPU
		{3AB65BEC-F949-426B-94C6-C0D781879B42}.Debug|x86.ActiveCfg = Debug|Any CPU
		{3AB65BEC-F949-426B-94C6-C0D781879B42}.Debug|x86.Build.0 = Debug|Any CPU
		{3AB65BEC-F949-426B-94C6-C0D781879B42}.Release|Any CPU.ActiveCfg = Release|Any CPU
		{3AB65BEC-F949-426B-94C6-C0D781879B42}.Release|Any CPU.Build.0 = Release|Any CPU
		{3AB65BEC-F949-426B-94C6-C0D781879B42}.Release|x64.ActiveCfg = Release|Any CPU
		{3AB65BEC-F949-426B-94C6-C0D781879B42}.Release|x64.Build.0 = Release|Any CPU
		{3AB65BEC-F949-426B-94C6-C0D781879B42}.Release|x86.ActiveCfg = Release|Any CPU
		{3AB65BEC-F949-426B-94C6-C0D781879B42}.Release|x86.Build.0 = Release|Any CPU
		{D61015DA-A6E0-4042-A655-8836CEB27548}.Debug|Any CPU.ActiveCfg = Debug|Any CPU
		{D61015DA-A6E0-4042-A655-8836CEB27548}.Debug|Any CPU.Build.0 = Debug|Any CPU
		{D61015DA-A6E0-4042-A655-8836CEB27548}.Debug|x64.ActiveCfg = Debug|Any CPU
		{D61015DA-A6E0-4042-A655-8836CEB27548}.Debug|x64.Build.0 = Debug|Any CPU
		{D61015DA-A6E0-4042-A655-8836CEB27548}.Debug|x86.ActiveCfg = Debug|Any CPU
		{D61015DA-A6E0-4042-A655-8836CEB27548}.Debug|x86.Build.0 = Debug|Any CPU
		{D61015DA-A6E0-4042-A655-8836CEB27548}.Release|Any CPU.ActiveCfg = Release|Any CPU
		{D61015DA-A6E0-4042-A655-8836CEB27548}.Release|Any CPU.Build.0 = Release|Any CPU
		{D61015DA-A6E0-4042-A655-8836CEB27548}.Release|x64.ActiveCfg = Release|Any CPU
		{D61015DA-A6E0-4042-A655-8836CEB27548}.Release|x64.Build.0 = Release|Any CPU
		{D61015DA-A6E0-4042-A655-8836CEB27548}.Release|x86.ActiveCfg = Release|Any CPU
		{D61015DA-A6E0-4042-A655-8836CEB27548}.Release|x86.Build.0 = Release|Any CPU
		{E2070687-723D-46A9-9EE3-C927FA08834D}.Debug|Any CPU.ActiveCfg = Debug|Any CPU
		{E2070687-723D-46A9-9EE3-C927FA08834D}.Debug|Any CPU.Build.0 = Debug|Any CPU
		{E2070687-723D-46A9-9EE3-C927FA08834D}.Debug|x64.ActiveCfg = Debug|Any CPU
		{E2070687-723D-46A9-9EE3-C927FA08834D}.Debug|x64.Build.0 = Debug|Any CPU
		{E2070687-723D-46A9-9EE3-C927FA08834D}.Debug|x86.ActiveCfg = Debug|Any CPU
		{E2070687-723D-46A9-9EE3-C927FA08834D}.Debug|x86.Build.0 = Debug|Any CPU
		{E2070687-723D-46A9-9EE3-C927FA08834D}.Release|Any CPU.ActiveCfg = Release|Any CPU
		{E2070687-723D-46A9-9EE3-C927FA08834D}.Release|Any CPU.Build.0 = Release|Any CPU
		{E2070687-723D-46A9-9EE3-C927FA08834D}.Release|x64.ActiveCfg = Release|Any CPU
		{E2070687-723D-46A9-9EE3-C927FA08834D}.Release|x64.Build.0 = Release|Any CPU
		{E2070687-723D-46A9-9EE3-C927FA08834D}.Release|x86.ActiveCfg = Release|Any CPU
		{E2070687-723D-46A9-9EE3-C927FA08834D}.Release|x86.Build.0 = Release|Any CPU
		{005D53ED-C4E9-4409-8179-E29FD2D4300F}.Debug|Any CPU.ActiveCfg = Debug|Any CPU
		{005D53ED-C4E9-4409-8179-E29FD2D4300F}.Debug|Any CPU.Build.0 = Debug|Any CPU
		{005D53ED-C4E9-4409-8179-E29FD2D4300F}.Debug|x64.ActiveCfg = Debug|Any CPU
		{005D53ED-C4E9-4409-8179-E29FD2D4300F}.Debug|x64.Build.0 = Debug|Any CPU
		{005D53ED-C4E9-4409-8179-E29FD2D4300F}.Debug|x86.ActiveCfg = Debug|Any CPU
		{005D53ED-C4E9-4409-8179-E29FD2D4300F}.Debug|x86.Build.0 = Debug|Any CPU
		{005D53ED-C4E9-4409-8179-E29FD2D4300F}.Release|Any CPU.ActiveCfg = Release|Any CPU
		{005D53ED-C4E9-4409-8179-E29FD2D4300F}.Release|Any CPU.Build.0 = Release|Any CPU
		{005D53ED-C4E9-4409-8179-E29FD2D4300F}.Release|x64.ActiveCfg = Release|Any CPU
		{005D53ED-C4E9-4409-8179-E29FD2D4300F}.Release|x64.Build.0 = Release|Any CPU
		{005D53ED-C4E9-4409-8179-E29FD2D4300F}.Release|x86.ActiveCfg = Release|Any CPU
		{005D53ED-C4E9-4409-8179-E29FD2D4300F}.Release|x86.Build.0 = Release|Any CPU
		{B8759790-6051-407D-A9E4-59AEC7956993}.Debug|Any CPU.ActiveCfg = Debug|Any CPU
		{B8759790-6051-407D-A9E4-59AEC7956993}.Debug|Any CPU.Build.0 = Debug|Any CPU
		{B8759790-6051-407D-A9E4-59AEC7956993}.Debug|x64.ActiveCfg = Debug|Any CPU
		{B8759790-6051-407D-A9E4-59AEC7956993}.Debug|x64.Build.0 = Debug|Any CPU
		{B8759790-6051-407D-A9E4-59AEC7956993}.Debug|x86.ActiveCfg = Debug|Any CPU
		{B8759790-6051-407D-A9E4-59AEC7956993}.Debug|x86.Build.0 = Debug|Any CPU
		{B8759790-6051-407D-A9E4-59AEC7956993}.Release|Any CPU.ActiveCfg = Debug|Any CPU
		{B8759790-6051-407D-A9E4-59AEC7956993}.Release|Any CPU.Build.0 = Debug|Any CPU
		{B8759790-6051-407D-A9E4-59AEC7956993}.Release|x64.ActiveCfg = Debug|Any CPU
		{B8759790-6051-407D-A9E4-59AEC7956993}.Release|x64.Build.0 = Debug|Any CPU
		{B8759790-6051-407D-A9E4-59AEC7956993}.Release|x86.ActiveCfg = Debug|Any CPU
		{B8759790-6051-407D-A9E4-59AEC7956993}.Release|x86.Build.0 = Debug|Any CPU
		{98AEA6C0-9A9B-4456-B373-2B7BDBABB406}.Debug|Any CPU.ActiveCfg = Debug|Any CPU
		{98AEA6C0-9A9B-4456-B373-2B7BDBABB406}.Debug|Any CPU.Build.0 = Debug|Any CPU
		{98AEA6C0-9A9B-4456-B373-2B7BDBABB406}.Debug|x64.ActiveCfg = Debug|Any CPU
		{98AEA6C0-9A9B-4456-B373-2B7BDBABB406}.Debug|x64.Build.0 = Debug|Any CPU
		{98AEA6C0-9A9B-4456-B373-2B7BDBABB406}.Debug|x86.ActiveCfg = Debug|Any CPU
		{98AEA6C0-9A9B-4456-B373-2B7BDBABB406}.Debug|x86.Build.0 = Debug|Any CPU
		{98AEA6C0-9A9B-4456-B373-2B7BDBABB406}.Release|Any CPU.ActiveCfg = Release|Any CPU
		{98AEA6C0-9A9B-4456-B373-2B7BDBABB406}.Release|Any CPU.Build.0 = Release|Any CPU
		{98AEA6C0-9A9B-4456-B373-2B7BDBABB406}.Release|x64.ActiveCfg = Release|Any CPU
		{98AEA6C0-9A9B-4456-B373-2B7BDBABB406}.Release|x64.Build.0 = Release|Any CPU
		{98AEA6C0-9A9B-4456-B373-2B7BDBABB406}.Release|x86.ActiveCfg = Release|Any CPU
		{98AEA6C0-9A9B-4456-B373-2B7BDBABB406}.Release|x86.Build.0 = Release|Any CPU
	EndGlobalSection
	GlobalSection(SolutionProperties) = preSolution
		HideSolutionNode = FALSE
	EndGlobalSection
	GlobalSection(NestedProjects) = preSolution
		{137466C3-1B1F-40AA-921F-48301C0742ED} = {5342FA22-E413-4580-9425-04EB3593A7A4}
		{944627EA-9C3F-4873-A093-40F7C3463297} = {5342FA22-E413-4580-9425-04EB3593A7A4}
		{E35FE0BB-0E6C-4E38-B370-32580CE70569} = {06747E37-AED5-490C-8172-B8FB9BA3B9E0}
		{3AB65BEC-F949-426B-94C6-C0D781879B42} = {06747E37-AED5-490C-8172-B8FB9BA3B9E0}
		{5342FA22-E413-4580-9425-04EB3593A7A4} = {827E0CD3-B72D-47B6-A68D-7590B98EB39B}
		{D61015DA-A6E0-4042-A655-8836CEB27548} = {5342FA22-E413-4580-9425-04EB3593A7A4}
		{E2070687-723D-46A9-9EE3-C927FA08834D} = {06747E37-AED5-490C-8172-B8FB9BA3B9E0}
		{2037762A-7440-43B2-8532-AC9676AE9CBD} = {827E0CD3-B72D-47B6-A68D-7590B98EB39B}
		{005D53ED-C4E9-4409-8179-E29FD2D4300F} = {2037762A-7440-43B2-8532-AC9676AE9CBD}
		{B8759790-6051-407D-A9E4-59AEC7956993} = {2037762A-7440-43B2-8532-AC9676AE9CBD}
		{98AEA6C0-9A9B-4456-B373-2B7BDBABB406} = {2037762A-7440-43B2-8532-AC9676AE9CBD}
	EndGlobalSection
EndGlobal
